
Microsoft Visual Studio Solution File, Format Version 12.00
# Visual Studio Version 16
VisualStudioVersion = 16.0.30114.105
MinimumVisualStudioVersion = 10.0.40219.1
Project("{9A19103F-16F7-4668-BE54-9A1E7A4F7556}") = "DiscordIntegrityChecker", "DiscordIntegrityChecker.csproj", "{8A971BC7-462A-4A58-B230-EE4D675C2C2A}"
EndProject
Global
	GlobalSection(SolutionConfigurationPlatforms) = preSolution
		Debug|Any CPU = Debug|Any CPU
		Debug|x86 = Debug|x86
		Release|Any CPU = Release|Any CPU
		Release|x86 = Release|x86
	EndGlobalSection
	GlobalSection(ProjectConfigurationPlatforms) = postSolution
		{8A971BC7-462A-4A58-B230-EE4D675C2C2A}.Debug|Any CPU.ActiveCfg = Debug|Any CPU
		{8A971BC7-462A-4A58-B230-EE4D675C2C2A}.Debug|Any CPU.Build.0 = Debug|Any CPU
		{8A971BC7-462A-4A58-B230-EE4D675C2C2A}.Debug|x86.ActiveCfg = Debug|Any CPU
		{8A971BC7-462A-4A58-B230-EE4D675C2C2A}.Debug|x86.Build.0 = Debug|Any CPU
		{8A971BC7-462A-4A58-B230-EE4D675C2C2A}.Release|Any CPU.ActiveCfg = Release|Any CPU
		{8A971BC7-462A-4A58-B230-EE4D675C2C2A}.Release|Any CPU.Build.0 = Release|Any CPU
		{8A971BC7-462A-4A58-B230-EE4D675C2C2A}.Release|x86.ActiveCfg = Release|Any CPU
		{8A971BC7-462A-4A58-B230-EE4D675C2C2A}.Release|x86.Build.0 = Release|Any CPU
	EndGlobalSection
	GlobalSection(SolutionProperties) = preSolution
		HideSolutionNode = FALSE
	EndGlobalSection
	GlobalSection(ExtensibilityGlobals) = postSolution
		SolutionGuid = {D0327B15-8DED-4A86-A6A1-32F1707C0C14}
	EndGlobalSection
EndGlobal
